
Microsoft Visual Studio Solution File, Format Version 12.00
# Visual Studio Version 17
VisualStudioVersion = 17.2.32526.322
MinimumVisualStudioVersion = 10.0.40219.1
Project("{FAE04EC0-301F-11D3-BF4B-00C04F79EFBC}") = "ModelBindingMVC", "ModelBindingMVC\ModelBindingMVC.csproj", "{77A41CA4-AA2C-45F3-8CAF-3F541BB95471}"
EndProject
Global
	GlobalSection(SolutionConfigurationPlatforms) = preSolution
		Debug|Any CPU = Debug|Any CPU
		Release|Any CPU = Release|Any CPU
	EndGlobalSection
	GlobalSection(ProjectConfigurationPlatforms) = postSolution
		{77A41CA4-AA2C-45F3-8CAF-3F541BB95471}.Debug|Any CPU.ActiveCfg = Debug|Any CPU
		{77A41CA4-AA2C-45F3-8CAF-3F541BB95471}.Debug|Any CPU.Build.0 = Debug|Any CPU
		{77A41CA4-AA2C-45F3-8CAF-3F541BB95471}.Release|Any CPU.ActiveCfg = Release|Any CPU
		{77A41CA4-AA2C-45F3-8CAF-3F541BB95471}.Release|Any CPU.Build.0 = Release|Any CPU
	EndGlobalSection
	GlobalSection(SolutionProperties) = preSolution
		HideSolutionNode = FALSE
	EndGlobalSection
	GlobalSection(ExtensibilityGlobals) = postSolution
		SolutionGuid = {6B4501B4-E4BC-49F0-A8B9-67829148D8DC}
	EndGlobalSection
EndGlobal
